
Microsoft Visual Studio Solution File, Format Version 12.00
# Visual Studio Version 17
VisualStudioVersion = 17.10.35013.160
MinimumVisualStudioVersion = 10.0.40219.1
Project("{9A19103F-16F7-4668-BE54-9A1E7A4F7556}") = "RZLotusNotes", "RZLotusNotes.csproj", "{9BB718F2-D4A6-4E3A-A6DF-0DAF8265DE09}"
EndProject
Global
	GlobalSection(SolutionConfigurationPlatforms) = preSolution
		Debug|Any CPU = Debug|Any CPU
		Release|Any CPU = Release|Any CPU
	EndGlobalSection
	GlobalSection(ProjectConfigurationPlatforms) = postSolution
		{9BB718F2-D4A6-4E3A-A6DF-0DAF8265DE09}.Debug|Any CPU.ActiveCfg = Debug|Any CPU
		{9BB718F2-D4A6-4E3A-A6DF-0DAF8265DE09}.Debug|Any CPU.Build.0 = Debug|Any CPU
		{9BB718F2-D4A6-4E3A-A6DF-0DAF8265DE09}.Release|Any CPU.ActiveCfg = Release|Any CPU
		{9BB718F2-D4A6-4E3A-A6DF-0DAF8265DE09}.Release|Any CPU.Build.0 = Release|Any CPU
	EndGlobalSection
	GlobalSection(SolutionProperties) = preSolution
		HideSolutionNode = FALSE
	EndGlobalSection
	GlobalSection(ExtensibilityGlobals) = postSolution
		SolutionGuid = {8798E0E8-EB71-4E26-8EC2-C84587393061}
	EndGlobalSection
EndGlobal
